// !$*UTF8*$!
{
	archiveVersion = 1;
	classes = {
	};
	objectVersion = 46;
	objects = {

/* Begin PBXBuildFile section */
		18EE27D71A5CFA9400625E40 /* main.m in Sources */ = {isa = PBXBuildFile; fileRef = 18EE27D61A5CFA9400625E40 /* main.m */; };
		18EE27DA1A5CFA9400625E40 /* AppDelegate.m in Sources */ = {isa = PBXBuildFile; fileRef = 18EE27D91A5CFA9400625E40 /* AppDelegate.m */; };
		18EE27DD1A5CFA9400625E40 /* MerChantView.xcdatamodeld in Sources */ = {isa = PBXBuildFile; fileRef = 18EE27DB1A5CFA9400625E40 /* MerChantView.xcdatamodeld */; };
		18EE27E01A5CFA9400625E40 /* ViewController.m in Sources */ = {isa = PBXBuildFile; fileRef = 18EE27DF1A5CFA9400625E40 /* ViewController.m */; };
		18EE27E31A5CFA9400625E40 /* Main.storyboard in Resources */ = {isa = PBXBuildFile; fileRef = 18EE27E11A5CFA9400625E40 /* Main.storyboard */; };
		18EE27E51A5CFA9400625E40 /* Images.xcassets in Resources */ = {isa = PBXBuildFile; fileRef = 18EE27E41A5CFA9400625E40 /* Images.xcassets */; };
		18EE27E81A5CFA9400625E40 /* LaunchScreen.xib in Resources */ = {isa = PBXBuildFile; fileRef = 18EE27E61A5CFA9400625E40 /* LaunchScreen.xib */; };
		18EE27F41A5CFA9400625E40 /* MerChantViewTests.m in Sources */ = {isa = PBXBuildFile; fileRef = 18EE27F31A5CFA9400625E40 /* MerChantViewTests.m */; };
/* End PBXBuildFile section */

/* Begin PBXContainerItemProxy section */
		18EE27EE1A5CFA9400625E40 /* PBXContainerItemProxy */ = {
			isa = PBXContainerItemProxy;
			containerPortal = 18EE27C91A5CFA9400625E40 /* Project object */;
			proxyType = 1;
			remoteGlobalIDString = 18EE27D01A5CFA9400625E40;
			remoteInfo = MerChantView;
		};
/* End PBXContainerItemProxy section */

/* Begin PBXFileReference section */
		18EE27D11A5CFA9400625E40 /* MerChantView.app */ = {isa = PBXFileReference; explicitFileType = wrapper.application; includeInIndex = 0; path = MerChantView.app; sourceTree = BUILT_PRODUCTS_DIR; };
		18EE27D51A5CFA9400625E40 /* Info.plist */ = {isa = PBXFileReference; lastKnownFileType = text.plist.xml; path = Info.plist; sourceTree = "<group>"; };
		18EE27D61A5CFA9400625E40 /* main.m */ = {isa = PBXFileReference; lastKnownFileType = sourcecode.c.objc; path = main.m; sourceTree = "<group>"; };
		18EE27D81A5CFA9400625E40 /* AppDelegate.h */ = {isa = PBXFileReference; lastKnownFileType = sourcecode.c.h; path = AppDelegate.h; sourceTree = "<group>"; };
		18EE27D91A5CFA9400625E40 /* AppDelegate.m */ = {isa = PBXFileReference; lastKnownFileType = sourcecode.c.objc; path = AppDelegate.m; sourceTree = "<group>"; };
		18EE27DC1A5CFA9400625E40 /* MerChantView.xcdatamodel */ = {isa = PBXFileReference; lastKnownFileType = wrapper.xcdatamodel; path = MerChantView.xcdatamodel; sourceTree = "<group>"; };
		18EE27DE1A5CFA9400625E40 /* ViewController.h */ = {isa = PBXFileReference; lastKnownFileType = sourcecode.c.h; path = ViewController.h; sourceTree = "<group>"; };
		18EE27DF1A5CFA9400625E40 /* ViewController.m */ = {isa = PBXFileReference; lastKnownFileType = sourcecode.c.objc; path = ViewController.m; sourceTree = "<group>"; };
		18EE27E21A5CFA9400625E40 /* Base */ = {isa = PBXFileReference; lastKnownFileType = file.storyboard; name = Base; path = Base.lproj/Main.storyboard; sourceTree = "<group>"; };
		18EE27E41A5CFA9400625E40 /* Images.xcassets */ = {isa = PBXFileReference; lastKnownFileType = folder.assetcatalog; path = Images.xcassets; sourceTree = "<group>"; };
		18EE27E71A5CFA9400625E40 /* Base */ = {isa = PBXFileReference; lastKnownFileType = file.xib; name = Base; path = Base.lproj/LaunchScreen.xib; sourceTree = "<group>"; };
		18EE27ED1A5CFA9400625E40 /* MerChantViewTests.xctest */ = {isa = PBXFileReference; explicitFileType = wrapper.cfbundle; includeInIndex = 0; path = MerChantViewTests.xctest; sourceTree = BUILT_PRODUCTS_DIR; };
		18EE27F21A5CFA9400625E40 /* Info.plist */ = {isa = PBXFileReference; lastKnownFileType = text.plist.xml; path = Info.plist; sourceTree = "<group>"; };
		18EE27F31A5CFA9400625E40 /* MerChantViewTests.m */ = {isa = PBXFileReference; lastKnownFileType = sourcecode.c.objc; path = MerChantViewTests.m; sourceTree = "<group>"; };
/* End PBXFileReference section */

/* Begin PBXFrameworksBuildPhase section */
		18EE27CE1A5CFA9400625E40 /* Frameworks */ = {
			isa = PBXFrameworksBuildPhase;
			buildActionMask = 2147483647;
			files = (
			);
			runOnlyForDeploymentPostprocessing = 0;
		};
		18EE27EA1A5CFA9400625E40 /* Frameworks */ = {
			isa = PBXFrameworksBuildPhase;
			buildActionMask = 2147483647;
			files = (
			);
			runOnlyForDeploymentPostprocessing = 0;
		};
/* End PBXFrameworksBuildPhase section */

/* Begin PBXGroup section */
		18EE27C81A5CFA9400625E40 = {
			isa = PBXGroup;
			children = (
				18EE27D31A5CFA9400625E40 /* MerChantView */,
				18EE27F01A5CFA9400625E40 /* MerChantViewTests */,
				18EE27D21A5CFA9400625E40 /* Products */,
			);
			sourceTree = "<group>";
		};
		18EE27D21A5CFA9400625E40 /* Products */ = {
			isa = PBXGroup;
			children = (
				18EE27D11A5CFA9400625E40 /* MerChantView.app */,
				18EE27ED1A5CFA9400625E40 /* MerChantViewTests.xctest */,
			);
			name = Products;
			sourceTree = "<group>";
		};
		18EE27D31A5CFA9400625E40 /* MerChantView */ = {
			isa = PBXGroup;
			children = (
				18EE27D81A5CFA9400625E40 /* AppDelegate.h */,
				18EE27D91A5CFA9400625E40 /* AppDelegate.m */,
				18EE27DE1A5CFA9400625E40 /* ViewController.h */,
				18EE27DF1A5CFA9400625E40 /* ViewController.m */,
				18EE27E11A5CFA9400625E40 /* Main.storyboard */,
				18EE27E41A5CFA9400625E40 /* Images.xcassets */,
				18EE27E61A5CFA9400625E40 /* LaunchScreen.xib */,
				18EE27DB1A5CFA9400625E40 /* MerChantView.xcdatamodeld */,
				18EE27D41A5CFA9400625E40 /* Supporting Files */,
			);
			path = MerChantView;
			sourceTree = "<group>";
		};
		18EE27D41A5CFA9400625E40 /* Supporting Files */ = {
			isa = PBXGroup;
			children = (
				18EE27D51A5CFA9400625E40 /* Info.plist */,
				18EE27D61A5CFA9400625E40 /* main.m */,
			);
			name = "Supporting Files";
			sourceTree = "<group>";
		};
		18EE27F01A5CFA9400625E40 /* MerChantViewTests */ = {
			isa = PBXGroup;
			children = (
				18EE27F31A5CFA9400625E40 /* MerChantViewTests.m */,
				18EE27F11A5CFA9400625E40 /* Supporting Files */,
			);
			path = MerChantViewTests;
			sourceTree = "<group>";
		};
		18EE27F11A5CFA9400625E40 /* Supporting Files */ = {
			isa = PBXGroup;
			children = (
				18EE27F21A5CFA9400625E40 /* Info.plist */,
			);
			name = "Supporting Files";
			sourceTree = "<group>";
		};
/* End PBXGroup section */

/* Begin PBXNativeTarget section */
		18EE27D01A5CFA9400625E40 /* MerChantView */ = {
			isa = PBXNativeTarget;
			buildConfigurationList = 18EE27F71A5CFA9400625E40 /* Build configuration list for PBXNativeTarget "MerChantView" */;
			buildPhases = (
				18EE27CD1A5CFA9400625E40 /* Sources */,
				18EE27CE1A5CFA9400625E40 /* Frameworks */,
				18EE27CF1A5CFA9400625E40 /* Resources */,
			);
			buildRules = (
			);
			dependencies = (
			);
			name = MerChantView;
			productName = MerChantView;
			productReference = 18EE27D11A5CFA9400625E40 /* MerChantView.app */;
			productType = "com.apple.product-type.application";
		};
		18EE27EC1A5CFA9400625E40 /* MerChantViewTests */ = {
			isa = PBXNativeTarget;
			buildConfigurationList = 18EE27FA1A5CFA9400625E40 /* Build configuration list for PBXNativeTarget "MerChantViewTests" */;
			buildPhases = (
				18EE27E91A5CFA9400625E40 /* Sources */,
				18EE27EA1A5CFA9400625E40 /* Frameworks */,
				18EE27EB1A5CFA9400625E40 /* Resources */,
			);
			buildRules = (
			);
			dependencies = (
				18EE27EF1A5CFA9400625E40 /* PBXTargetDependency */,
			);
			name = MerChantViewTests;
			productName = MerChantViewTests;
			productReference = 18EE27ED1A5CFA9400625E40 /* MerChantViewTests.xctest */;
			productType = "com.apple.product-type.bundle.unit-test";
		};
/* End PBXNativeTarget section */

/* Begin PBXProject section */
		18EE27C91A5CFA9400625E40 /* Project object */ = {
			isa = PBXProject;
			attributes = {
				LastUpgradeCheck = 0610;
				ORGANIZATIONNAME = xuzhanqian;
				TargetAttributes = {
					18EE27D01A5CFA9400625E40 = {
						CreatedOnToolsVersion = 6.1.1;
					};
					18EE27EC1A5CFA9400625E40 = {
						CreatedOnToolsVersion = 6.1.1;
						TestTargetID = 18EE27D01A5CFA9400625E40;
					};
				};
			};
			buildConfigurationList = 18EE27CC1A5CFA9400625E40 /* Build configuration list for PBXProject "MerChantView" */;
			compatibilityVersion = "Xcode 3.2";
			developmentRegion = English;
			hasScannedForEncodings = 0;
			knownRegions = (
				en,
				Base,
			);
			mainGroup = 18EE27C81A5CFA9400625E40;
			productRefGroup = 18EE27D21A5CFA9400625E40 /* Products */;
			projectDirPath = "";
			projectRoot = "";
			targets = (
				18EE27D01A5CFA9400625E40 /* MerChantView */,
				18EE27EC1A5CFA9400625E40 /* MerChantViewTests */,
			);
		};
/* End PBXProject section */

/* Begin PBXResourcesBuildPhase section */
		18EE27CF1A5CFA9400625E40 /* Resources */ = {
			isa = PBXResourcesBuildPhase;
			buildActionMask = 2147483647;
			files = (
				18EE27E31A5CFA9400625E40 /* Main.storyboard in Resources */,
				18EE27E81A5CFA9400625E40 /* LaunchScreen.xib in Resources */,
				18EE27E51A5CFA9400625E40 /* Images.xcassets in Resources */,
			);
			runOnlyForDeploymentPostprocessing = 0;
		};
		18EE27EB1A5CFA9400625E40 /* Resources */ = {
			isa = PBXResourcesBuildPhase;
			buildActionMask = 2147483647;
			files = (
			);
			runOnlyForDeploymentPostprocessing = 0;
		};
/* End PBXResourcesBuildPhase section */

/* Begin PBXSourcesBuildPhase section */
		18EE27CD1A5CFA9400625E40 /* Sources */ = {
			isa = PBXSourcesBuildPhase;
			buildActionMask = 2147483647;
			files = (
				18EE27DD1A5CFA9400625E40 /* MerChantView.xcdatamodeld in Sources */,
				18EE27DA1A5CFA9400625E40 /* AppDelegate.m in Sources */,
				18EE27E01A5CFA9400625E40 /* ViewController.m in Sources */,
				18EE27D71A5CFA9400625E40 /* main.m in Sources */,
			);
			runOnlyForDeploymentPostprocessing = 0;
		};
		18EE27E91A5CFA9400625E40 /* Sources */ = {
			isa = PBXSourcesBuildPhase;
			buildActionMask = 2147483647;
			files = (
				18EE27F41A5CFA9400625E40 /* MerChantViewTests.m in Sources */,
			);
			runOnlyForDeploymentPostprocessing = 0;
		};
/* End PBXSourcesBuildPhase section */

/* Begin PBXTargetDependency section */
		18EE27EF1A5CFA9400625E40 /* PBXTargetDependency */ = {
			isa = PBXTargetDependency;
			target = 18EE27D01A5CFA9400625E40 /* MerChantView */;
			targetProxy = 18EE27EE1A5CFA9400625E40 /* PBXContainerItemProxy */;
		};
/* End PBXTargetDependency section */

/* Begin PBXVariantGroup section */
		18EE27E11A5CFA9400625E40 /* Main.storyboard */ = {
			isa = PBXVariantGroup;
			children = (
				18EE27E21A5CFA9400625E40 /* Base */,
			);
			name = Main.storyboard;
			sourceTree = "<group>";
		};
		18EE27E61A5CFA9400625E40 /* LaunchScreen.xib */ = {
			isa = PBXVariantGroup;
			children = (
				18EE27E71A5CFA9400625E40 /* Base */,
			);
			name = LaunchScreen.xib;
			sourceTree = "<group>";
		};
/* End PBXVariantGroup section */

/* Begin XCBuildConfiguration section */
		18EE27F51A5CFA9400625E40 /* Debug */ = {
			isa = XCBuildConfiguration;
			buildSettings = {
				ALWAYS_SEARCH_USER_PATHS = NO;
				CLANG_CXX_LANGUAGE_STANDARD = "gnu++0x";
				CLANG_CXX_LIBRARY = "libc++";
				CLANG_ENABLE_MODULES = YES;
				CLANG_ENABLE_OBJC_ARC = YES;
				CLANG_WARN_BOOL_CONVERSION = YES;
				CLANG_WARN_CONSTANT_CONVERSION = YES;
				CLANG_WARN_DIRECT_OBJC_ISA_USAGE = YES_ERROR;
				CLANG_WARN_EMPTY_BODY = YES;
				CLANG_WARN_ENUM_CONVERSION = YES;
				CLANG_WARN_INT_CONVERSION = YES;
				CLANG_WARN_OBJC_ROOT_CLASS = YES_ERROR;
				CLANG_WARN_UNREACHABLE_CODE = YES;
				CLANG_WARN__DUPLICATE_METHOD_MATCH = YES;
				"CODE_SIGN_IDENTITY[sdk=iphoneos*]" = "iPhone Developer";
				COPY_PHASE_STRIP = NO;
				ENABLE_STRICT_OBJC_MSGSEND = YES;
				GCC_C_LANGUAGE_STANDARD = gnu99;
				GCC_DYNAMIC_NO_PIC = NO;
				GCC_OPTIMIZATION_LEVEL = 0;
				GCC_PREPROCESSOR_DEFINITIONS = (
					"DEBUG=1",
					"$(inherited)",
				);
				GCC_SYMBOLS_PRIVATE_EXTERN = NO;
				GCC_WARN_64_TO_32_BIT_CONVERSION = YES;
				GCC_WARN_ABOUT_RETURN_TYPE = YES_ERROR;
				GCC_WARN_UNDECLARED_SELECTOR = YES;
				GCC_WARN_UNINITIALIZED_AUTOS = YES_AGGRESSIVE;
				GCC_WARN_UNUSED_FUNCTION = YES;
				GCC_WARN_UNUSED_VARIABLE = YES;
				IPHONEOS_DEPLOYMENT_TARGET = 8.1;
				MTL_ENABLE_DEBUG_INFO = YES;
				ONLY_ACTIVE_ARCH = YES;
				SDKROOT = iphoneos;
			};
			name = Debug;
		};
		18EE27F61A5CFA9400625E40 /* Release */ = {
			isa = XCBuildConfiguration;
			buildSettings = {
				ALWAYS_SEARCH_USER_PATHS = NO;
				CLANG_CXX_LANGUAGE_STANDARD = "gnu++0x";
				CLANG_CXX_LIBRARY = "libc++";
				CLANG_ENABLE_MODULES = YES;
				CLANG_ENABLE_OBJC_ARC = YES;
				CLANG_WARN_BOOL_CONVERSION = YES;
				CLANG_WARN_CONSTANT_CONVERSION = YES;
				CLANG_WARN_DIRECT_OBJC_ISA_USAGE = YES_ERROR;
				CLANG_WARN_EMPTY_BODY = YES;
				CLANG_WARN_ENUM_CONVERSION = YES;
				CLANG_WARN_INT_CONVERSION = YES;
				CLANG_WARN_OBJC_ROOT_CLASS = YES_ERROR;
				CLANG_WARN_UNREACHABLE_CODE = YES;
				CLANG_WARN__DUPLICATE_METHOD_MATCH = YES;
				"CODE_SIGN_IDENTITY[sdk=iphoneos*]" = "iPhone Developer";
				COPY_PHASE_STRIP = YES;
				ENABLE_NS_ASSERTIONS = NO;
				ENABLE_STRICT_OBJC_MSGSEND = YES;
				GCC_C_LANGUAGE_STANDARD = gnu99;
				GCC_WARN_64_TO_32_BIT_CONVERSION = YES;
				GCC_WARN_ABOUT_RETURN_TYPE = YES_ERROR;
				GCC_WARN_UNDECLARED_SELECTOR = YES;
				GCC_WARN_UNINITIALIZED_AUTOS = YES_AGGRESSIVE;
				GCC_WARN_UNUSED_FUNCTION = YES;
				GCC_WARN_UNUSED_VARIABLE = YES;
				IPHONEOS_DEPLOYMENT_TARGET = 8.1;
				MTL_ENABLE_DEBUG_INFO = NO;
				SDKROOT = iphoneos;
				VALIDATE_PRODUCT = YES;
			};
			name = Release;
		};
		18EE27F81A5CFA9400625E40 /* Debug */ = {
			isa = XCBuildConfiguration;
			buildSettings = {
				ASSETCATALOG_COMPILER_APPICON_NAME = AppIcon;
				INFOPLIST_FILE = MerChantView/Info.plist;
				LD_RUNPATH_SEARCH_PATHS = "$(inherited) @executable_path/Frameworks";
				PRODUCT_NAME = "$(TARGET_NAME)";
			};
			name = Debug;
		};
		18EE27F91A5CFA9400625E40 /* Release */ = {
			isa = XCBuildConfiguration;
			buildSettings = {
				ASSETCATALOG_COMPILER_APPICON_NAME = AppIcon;
				INFOPLIST_FILE = MerChantView/Info.plist;
				LD_RUNPATH_SEARCH_PATHS = "$(inherited) @executable_path/Frameworks";
				PRODUCT_NAME = "$(TARGET_NAME)";
			};
			name = Release;
		};
		18EE27FB1A5CFA9400625E40 /* Debug */ = {
			isa = XCBuildConfiguration;
			buildSettings = {
				BUNDLE_LOADER = "$(TEST_HOST)";
				FRAMEWORK_SEARCH_PATHS = (
					"$(SDKROOT)/Developer/Library/Frameworks",
					"$(inherited)",
				);
				GCC_PREPROCESSOR_DEFINITIONS = (
					"DEBUG=1",
					"$(inherited)",
				);
				INFOPLIST_FILE = MerChantViewTests/Info.plist;
				LD_RUNPATH_SEARCH_PATHS = "$(inherited) @executable_path/Frameworks @loader_path/Frameworks";
				PRODUCT_NAME = "$(TARGET_NAME)";
				TEST_HOST = "$(BUILT_PRODUCTS_DIR)/MerChantView.app/MerChantView";
			};
			name = Debug;
		};
		18EE27FC1A5CFA9400625E40 /* Release */ = {
			isa = XCBuildConfiguration;
			buildSettings = {
				BUNDLE_LOADER = "$(TEST_HOST)";
				FRAMEWORK_SEARCH_PATHS = (
					"$(SDKROOT)/Developer/Library/Frameworks",
					"$(inherited)",
				);
				INFOPLIST_FILE = MerChantViewTests/Info.plist;
				LD_RUNPATH_SEARCH_PATHS = "$(inherited) @executable_path/Frameworks @loader_path/Frameworks";
				PRODUCT_NAME = "$(TARGET_NAME)";
				TEST_HOST = "$(BUILT_PRODUCTS_DIR)/MerChantView.app/MerChantView";
			};
			name = Release;
		};
/* End XCBuildConfiguration section */

/* Begin XCConfigurationList section */
		18EE27CC1A5CFA9400625E40 /* Build configuration list for PBXProject "MerChantView" */ = {
			isa = XCConfigurationList;
			buildConfigurations = (
				18EE27F51A5CFA9400625E40 /* Debug */,
				18EE27F61A5CFA9400625E40 /* Release */,
			);
			defaultConfigurationIsVisible = 0;
			defaultConfigurationName = Release;
		};
		18EE27F71A5CFA9400625E40 /* Build configuration list for PBXNativeTarget "MerChantView" */ = {
			isa = XCConfigurationList;
			buildConfigurations = (
				18EE27F81A5CFA9400625E40 /* Debug */,
				18EE27F91A5CFA9400625E40 /* Release */,
			);
			defaultConfigurationIsVisible = 0;
		};
		18EE27FA1A5CFA9400625E40 /* Build configuration list for PBXNativeTarget "MerChantViewTests" */ = {
			isa = XCConfigurationList;
			buildConfigurations = (
				18EE27FB1A5CFA9400625E40 /* Debug */,
				18EE27FC1A5CFA9400625E40 /* Release */,
			);
			defaultConfigurationIsVisible = 0;
		};
/* End XCConfigurationList section */

/* Begin XCVersionGroup section */
		18EE27DB1A5CFA9400625E40 /* MerChantView.xcdatamodeld */ = {
			isa = XCVersionGroup;
			children = (
				18EE27DC1A5CFA9400625E40 /* MerChantView.xcdatamodel */,
			);
			currentVersion = 18EE27DC1A5CFA9400625E40 /* MerChantView.xcdatamodel */;
			path = MerChantView.xcdatamodeld;
			sourceTree = "<group>";
			versionGroupType = wrapper.xcdatamodel;
		};
/* End XCVersionGroup section */
	};
	rootObject = 18EE27C91A5CFA9400625E40 /* Project object */;
}
